
Microsoft Visual Studio Solution File, Format Version 12.00
# Visual Studio Version 17
VisualStudioVersion = 17.12.35527.113 d17.12
MinimumVisualStudioVersion = 10.0.40219.1
Project("{FAE04EC0-301F-11D3-BF4B-00C04F79EFBC}") = "ConstGamma", "ConstGamma\ConstGamma.csproj", "{810E9EC1-A520-4310-9034-00142EE921EB}"
EndProject
Global
	GlobalSection(SolutionConfigurationPlatforms) = preSolution
		Debug|Any CPU = Debug|Any CPU
		Release|Any CPU = Release|Any CPU
	EndGlobalSection
	GlobalSection(ProjectConfigurationPlatforms) = postSolution
		{810E9EC1-A520-4310-9034-00142EE921EB}.Debug|Any CPU.ActiveCfg = Debug|Any CPU
		{810E9EC1-A520-4310-9034-00142EE921EB}.Debug|Any CPU.Build.0 = Debug|Any CPU
		{810E9EC1-A520-4310-9034-00142EE921EB}.Release|Any CPU.ActiveCfg = Release|Any CPU
		{810E9EC1-A520-4310-9034-00142EE921EB}.Release|Any CPU.Build.0 = Release|Any CPU
	EndGlobalSection
	GlobalSection(SolutionProperties) = preSolution
		HideSolutionNode = FALSE
	EndGlobalSection
EndGlobal
